
Microsoft Visual Studio Solution File, Format Version 12.00
# Visual Studio Version 16
VisualStudioVersion = 16.0.29418.71
MinimumVisualStudioVersion = 10.0.40219.1
Project("{FAE04EC0-301F-11D3-BF4B-00C04F79EFBC}") = "2020.05.21_DependenciInjection", "2020.05.21_DependenciInjection\2020.05.21_DependenciInjection.csproj", "{B2FC5A82-A645-4CBC-B084-7A69381E3C7C}"
EndProject
Project("{FAE04EC0-301F-11D3-BF4B-00C04F79EFBC}") = "UnitTest1", "UnitTestProject1\UnitTest1.csproj", "{CA1C9335-D3D4-453C-ABED-6033F49A6B9B}"
EndProject
Project("{FAE04EC0-301F-11D3-BF4B-00C04F79EFBC}") = "XUnitTest1", "TestProject2\XUnitTest1.csproj", "{4DDAD8D0-2C82-40B8-A357-FCFCDD3DB62E}"
EndProject
Global
	GlobalSection(SolutionConfigurationPlatforms) = preSolution
		Debug|Any CPU = Debug|Any CPU
		Release|Any CPU = Release|Any CPU
	EndGlobalSection
	GlobalSection(ProjectConfigurationPlatforms) = postSolution
		{B2FC5A82-A645-4CBC-B084-7A69381E3C7C}.Debug|Any CPU.ActiveCfg = Debug|Any CPU
		{B2FC5A82-A645-4CBC-B084-7A69381E3C7C}.Debug|Any CPU.Build.0 = Debug|Any CPU
		{B2FC5A82-A645-4CBC-B084-7A69381E3C7C}.Release|Any CPU.ActiveCfg = Release|Any CPU
		{B2FC5A82-A645-4CBC-B084-7A69381E3C7C}.Release|Any CPU.Build.0 = Release|Any CPU
		{CA1C9335-D3D4-453C-ABED-6033F49A6B9B}.Debug|Any CPU.ActiveCfg = Debug|Any CPU
		{CA1C9335-D3D4-453C-ABED-6033F49A6B9B}.Debug|Any CPU.Build.0 = Debug|Any CPU
		{CA1C9335-D3D4-453C-ABED-6033F49A6B9B}.Release|Any CPU.ActiveCfg = Release|Any CPU
		{CA1C9335-D3D4-453C-ABED-6033F49A6B9B}.Release|Any CPU.Build.0 = Release|Any CPU
		{4DDAD8D0-2C82-40B8-A357-FCFCDD3DB62E}.Debug|Any CPU.ActiveCfg = Debug|Any CPU
		{4DDAD8D0-2C82-40B8-A357-FCFCDD3DB62E}.Debug|Any CPU.Build.0 = Debug|Any CPU
		{4DDAD8D0-2C82-40B8-A357-FCFCDD3DB62E}.Release|Any CPU.ActiveCfg = Release|Any CPU
		{4DDAD8D0-2C82-40B8-A357-FCFCDD3DB62E}.Release|Any CPU.Build.0 = Release|Any CPU
	EndGlobalSection
	GlobalSection(SolutionProperties) = preSolution
		HideSolutionNode = FALSE
	EndGlobalSection
	GlobalSection(ExtensibilityGlobals) = postSolution
		SolutionGuid = {C03FA6F9-81CB-4715-9B6E-75A3096CDEF6}
	EndGlobalSection
EndGlobal
